
Microsoft Visual Studio Solution File, Format Version 12.00
# Visual Studio Version 17
VisualStudioVersion = 17.11.35327.3
MinimumVisualStudioVersion = 10.0.40219.1
Project("{151D2E53-A2C4-4D7D-83FE-D05416EBD58E}") = "storage", "storage\storage.deployproj", "{EF5475F3-EBC0-4940-A21C-8699BD8A9413}"
EndProject
Project("{9A19103F-16F7-4668-BE54-9A1E7A4F7556}") = "BlobFunction", "BlobFunction\BlobFunction.csproj", "{CA261397-BBBA-4AAB-8BC5-B3CAFF435E6F}"
EndProject
Project("{151D2E53-A2C4-4D7D-83FE-D05416EBD58E}") = "functionApp", "functionApp\functionApp.deployproj", "{5FEE7C86-B97F-4BE1-8672-F00C58FE08E3}"
EndProject
Project("{151D2E53-A2C4-4D7D-83FE-D05416EBD58E}") = "serviceBus", "serviceBus\serviceBus.deployproj", "{18BA1910-1588-473D-BDDC-7AECC0B193B2}"
EndProject
Project("{9A19103F-16F7-4668-BE54-9A1E7A4F7556}") = "QueueFunction", "QueueFunction\QueueFunction.csproj", "{2348363B-0604-4005-9FD3-C4EB86265EE8}"
EndProject
Global
	GlobalSection(SolutionConfigurationPlatforms) = preSolution
		Debug|Any CPU = Debug|Any CPU
		Release|Any CPU = Release|Any CPU
	EndGlobalSection
	GlobalSection(ProjectConfigurationPlatforms) = postSolution
		{EF5475F3-EBC0-4940-A21C-8699BD8A9413}.Debug|Any CPU.ActiveCfg = Debug|Any CPU
		{EF5475F3-EBC0-4940-A21C-8699BD8A9413}.Debug|Any CPU.Build.0 = Debug|Any CPU
		{EF5475F3-EBC0-4940-A21C-8699BD8A9413}.Release|Any CPU.ActiveCfg = Release|Any CPU
		{EF5475F3-EBC0-4940-A21C-8699BD8A9413}.Release|Any CPU.Build.0 = Release|Any CPU
		{CA261397-BBBA-4AAB-8BC5-B3CAFF435E6F}.Debug|Any CPU.ActiveCfg = Debug|Any CPU
		{CA261397-BBBA-4AAB-8BC5-B3CAFF435E6F}.Debug|Any CPU.Build.0 = Debug|Any CPU
		{CA261397-BBBA-4AAB-8BC5-B3CAFF435E6F}.Release|Any CPU.ActiveCfg = Release|Any CPU
		{CA261397-BBBA-4AAB-8BC5-B3CAFF435E6F}.Release|Any CPU.Build.0 = Release|Any CPU
		{5FEE7C86-B97F-4BE1-8672-F00C58FE08E3}.Debug|Any CPU.ActiveCfg = Debug|Any CPU
		{5FEE7C86-B97F-4BE1-8672-F00C58FE08E3}.Debug|Any CPU.Build.0 = Debug|Any CPU
		{5FEE7C86-B97F-4BE1-8672-F00C58FE08E3}.Release|Any CPU.ActiveCfg = Release|Any CPU
		{5FEE7C86-B97F-4BE1-8672-F00C58FE08E3}.Release|Any CPU.Build.0 = Release|Any CPU
		{18BA1910-1588-473D-BDDC-7AECC0B193B2}.Debug|Any CPU.ActiveCfg = Debug|Any CPU
		{18BA1910-1588-473D-BDDC-7AECC0B193B2}.Debug|Any CPU.Build.0 = Debug|Any CPU
		{18BA1910-1588-473D-BDDC-7AECC0B193B2}.Release|Any CPU.ActiveCfg = Release|Any CPU
		{18BA1910-1588-473D-BDDC-7AECC0B193B2}.Release|Any CPU.Build.0 = Release|Any CPU
		{2348363B-0604-4005-9FD3-C4EB86265EE8}.Debug|Any CPU.ActiveCfg = Debug|Any CPU
		{2348363B-0604-4005-9FD3-C4EB86265EE8}.Debug|Any CPU.Build.0 = Debug|Any CPU
		{2348363B-0604-4005-9FD3-C4EB86265EE8}.Release|Any CPU.ActiveCfg = Release|Any CPU
		{2348363B-0604-4005-9FD3-C4EB86265EE8}.Release|Any CPU.Build.0 = Release|Any CPU
	EndGlobalSection
	GlobalSection(SolutionProperties) = preSolution
		HideSolutionNode = FALSE
	EndGlobalSection
	GlobalSection(ExtensibilityGlobals) = postSolution
		SolutionGuid = {2DDAD269-C107-437B-833D-52F3E2ED3440}
	EndGlobalSection
EndGlobal
